// !$*UTF8*$!
{
	archiveVersion = 1;
	classes = {
	};
	objectVersion = 55;
	objects = {

/* Begin PBXBuildFile section */
		6BFA663B273BE2D800E88AEB /* AppDelegate.swift in Sources */ = {isa = PBXBuildFile; fileRef = 6BFA663A273BE2D800E88AEB /* AppDelegate.swift */; };
		6BFA663D273BE2D800E88AEB /* ViewController.swift in Sources */ = {isa = PBXBuildFile; fileRef = 6BFA663C273BE2D800E88AEB /* ViewController.swift */; };
		6BFA663F273BE2D800E88AEB /* Experience.rcproject in Sources */ = {isa = PBXBuildFile; fileRef = 6BFA663E273BE2D800E88AEB /* Experience.rcproject */; };
		6BFA6642273BE2D800E88AEB /* Main.storyboard in Resources */ = {isa = PBXBuildFile; fileRef = 6BFA6640273BE2D800E88AEB /* Main.storyboard */; };
		6BFA6644273BE2DA00E88AEB /* Assets.xcassets in Resources */ = {isa = PBXBuildFile; fileRef = 6BFA6643273BE2DA00E88AEB /* Assets.xcassets */; };
		6BFA6647273BE2DA00E88AEB /* LaunchScreen.storyboard in Resources */ = {isa = PBXBuildFile; fileRef = 6BFA6645273BE2DA00E88AEB /* LaunchScreen.storyboard */; };
		6BFA6651273BE2DA00E88AEB /* BasicARStoryboardTests.swift in Sources */ = {isa = PBXBuildFile; fileRef = 6BFA6650273BE2DA00E88AEB /* BasicARStoryboardTests.swift */; };
		6BFA665B273BE2DB00E88AEB /* BasicARStoryboardUITests.swift in Sources */ = {isa = PBXBuildFile; fileRef = 6BFA665A273BE2DB00E88AEB /* BasicARStoryboardUITests.swift */; };
		6BFA665D273BE2DB00E88AEB /* BasicARStoryboardUITestsLaunchTests.swift in Sources */ = {isa = PBXBuildFile; fileRef = 6BFA665C273BE2DB00E88AEB /* BasicARStoryboardUITestsLaunchTests.swift */; };
/* End PBXBuildFile section */

/* Begin PBXContainerItemProxy section */
		6BFA664D273BE2DA00E88AEB /* PBXContainerItemProxy */ = {
			isa = PBXContainerItemProxy;
			containerPortal = 6BFA662F273BE2D800E88AEB /* Project object */;
			proxyType = 1;
			remoteGlobalIDString = 6BFA6636273BE2D800E88AEB;
			remoteInfo = BasicARStoryboard;
		};
		6BFA6657273BE2DB00E88AEB /* PBXContainerItemProxy */ = {
			isa = PBXContainerItemProxy;
			containerPortal = 6BFA662F273BE2D800E88AEB /* Project object */;
			proxyType = 1;
			remoteGlobalIDString = 6BFA6636273BE2D800E88AEB;
			remoteInfo = BasicARStoryboard;
		};
/* End PBXContainerItemProxy section */

/* Begin PBXFileReference section */
		6BFA6637273BE2D800E88AEB /* BasicARStoryboard.app */ = {isa = PBXFileReference; explicitFileType = wrapper.application; includeInIndex = 0; path = BasicARStoryboard.app; sourceTree = BUILT_PRODUCTS_DIR; };
		6BFA663A273BE2D800E88AEB /* AppDelegate.swift */ = {isa = PBXFileReference; lastKnownFileType = sourcecode.swift; path = AppDelegate.swift; sourceTree = "<group>"; };
		6BFA663C273BE2D800E88AEB /* ViewController.swift */ = {isa = PBXFileReference; lastKnownFileType = sourcecode.swift; path = ViewController.swift; sourceTree = "<group>"; };
		6BFA663E273BE2D800E88AEB /* Experience.rcproject */ = {isa = PBXFileReference; lastKnownFileType = file.rcproject; path = Experience.rcproject; sourceTree = "<group>"; };
		6BFA6641273BE2D800E88AEB /* Base */ = {isa = PBXFileReference; lastKnownFileType = file.storyboard; name = Base; path = Base.lproj/Main.storyboard; sourceTree = "<group>"; };
		6BFA6643273BE2DA00E88AEB /* Assets.xcassets */ = {isa = PBXFileReference; lastKnownFileType = folder.assetcatalog; path = Assets.xcassets; sourceTree = "<group>"; };
		6BFA6646273BE2DA00E88AEB /* Base */ = {isa = PBXFileReference; lastKnownFileType = file.storyboard; name = Base; path = Base.lproj/LaunchScreen.storyboard; sourceTree = "<group>"; };
		6BFA664C273BE2DA00E88AEB /* BasicARStoryboardTests.xctest */ = {isa = PBXFileReference; explicitFileType = wrapper.cfbundle; includeInIndex = 0; path = BasicARStoryboardTests.xctest; sourceTree = BUILT_PRODUCTS_DIR; };
		6BFA6650273BE2DA00E88AEB /* BasicARStoryboardTests.swift */ = {isa = PBXFileReference; lastKnownFileType = sourcecode.swift; path = BasicARStoryboardTests.swift; sourceTree = "<group>"; };
		6BFA6656273BE2DB00E88AEB /* BasicARStoryboardUITests.xctest */ = {isa = PBXFileReference; explicitFileType = wrapper.cfbundle; includeInIndex = 0; path = BasicARStoryboardUITests.xctest; sourceTree = BUILT_PRODUCTS_DIR; };
		6BFA665A273BE2DB00E88AEB /* BasicARStoryboardUITests.swift */ = {isa = PBXFileReference; lastKnownFileType = sourcecode.swift; path = BasicARStoryboardUITests.swift; sourceTree = "<group>"; };
		6BFA665C273BE2DB00E88AEB /* BasicARStoryboardUITestsLaunchTests.swift */ = {isa = PBXFileReference; lastKnownFileType = sourcecode.swift; path = BasicARStoryboardUITestsLaunchTests.swift; sourceTree = "<group>"; };
/* End PBXFileReference section */

/* Begin PBXFrameworksBuildPhase section */
		6BFA6634273BE2D800E88AEB /* Frameworks */ = {
			isa = PBXFrameworksBuildPhase;
			buildActionMask = 2147483647;
			files = (
			);
			runOnlyForDeploymentPostprocessing = 0;
		};
		6BFA6649273BE2DA00E88AEB /* Frameworks */ = {
			isa = PBXFrameworksBuildPhase;
			buildActionMask = 2147483647;
			files = (
			);
			runOnlyForDeploymentPostprocessing = 0;
		};
		6BFA6653273BE2DB00E88AEB /* Frameworks */ = {
			isa = PBXFrameworksBuildPhase;
			buildActionMask = 2147483647;
			files = (
			);
			runOnlyForDeploymentPostprocessing = 0;
		};
/* End PBXFrameworksBuildPhase section */

/* Begin PBXGroup section */
		6BFA662E273BE2D800E88AEB = {
			isa = PBXGroup;
			children = (
				6BFA6639273BE2D800E88AEB /* BasicARStoryboard */,
				6BFA664F273BE2DA00E88AEB /* BasicARStoryboardTests */,
				6BFA6659273BE2DB00E88AEB /* BasicARStoryboardUITests */,
				6BFA6638273BE2D800E88AEB /* Products */,
			);
			sourceTree = "<group>";
		};
		6BFA6638273BE2D800E88AEB /* Products */ = {
			isa = PBXGroup;
			children = (
				6BFA6637273BE2D800E88AEB /* BasicARStoryboard.app */,
				6BFA664C273BE2DA00E88AEB /* BasicARStoryboardTests.xctest */,
				6BFA6656273BE2DB00E88AEB /* BasicARStoryboardUITests.xctest */,
			);
			name = Products;
			sourceTree = "<group>";
		};
		6BFA6639273BE2D800E88AEB /* BasicARStoryboard */ = {
			isa = PBXGroup;
			children = (
				6BFA663A273BE2D800E88AEB /* AppDelegate.swift */,
				6BFA663C273BE2D800E88AEB /* ViewController.swift */,
				6BFA663E273BE2D800E88AEB /* Experience.rcproject */,
				6BFA6640273BE2D800E88AEB /* Main.storyboard */,
				6BFA6643273BE2DA00E88AEB /* Assets.xcassets */,
				6BFA6645273BE2DA00E88AEB /* LaunchScreen.storyboard */,
			);
			path = BasicARStoryboard;
			sourceTree = "<group>";
		};
		6BFA664F273BE2DA00E88AEB /* BasicARStoryboardTests */ = {
			isa = PBXGroup;
			children = (
				6BFA6650273BE2DA00E88AEB /* BasicARStoryboardTests.swift */,
			);
			path = BasicARStoryboardTests;
			sourceTree = "<group>";
		};
		6BFA6659273BE2DB00E88AEB /* BasicARStoryboardUITests */ = {
			isa = PBXGroup;
			children = (
				6BFA665A273BE2DB00E88AEB /* BasicARStoryboardUITests.swift */,
				6BFA665C273BE2DB00E88AEB /* BasicARStoryboardUITestsLaunchTests.swift */,
			);
			path = BasicARStoryboardUITests;
			sourceTree = "<group>";
		};
/* End PBXGroup section */

/* Begin PBXNativeTarget section */
		6BFA6636273BE2D800E88AEB /* BasicARStoryboard */ = {
			isa = PBXNativeTarget;
			buildConfigurationList = 6BFA6660273BE2DB00E88AEB /* Build configuration list for PBXNativeTarget "BasicARStoryboard" */;
			buildPhases = (
				6BFA6633273BE2D800E88AEB /* Sources */,
				6BFA6634273BE2D800E88AEB /* Frameworks */,
				6BFA6635273BE2D800E88AEB /* Resources */,
			);
			buildRules = (
			);
			dependencies = (
			);
			name = BasicARStoryboard;
			productName = BasicARStoryboard;
			productReference = 6BFA6637273BE2D800E88AEB /* BasicARStoryboard.app */;
			productType = "com.apple.product-type.application";
		};
		6BFA664B273BE2DA00E88AEB /* BasicARStoryboardTests */ = {
			isa = PBXNativeTarget;
			buildConfigurationList = 6BFA6663273BE2DB00E88AEB /* Build configuration list for PBXNativeTarget "BasicARStoryboardTests" */;
			buildPhases = (
				6BFA6648273BE2DA00E88AEB /* Sources */,
				6BFA6649273BE2DA00E88AEB /* Frameworks */,
				6BFA664A273BE2DA00E88AEB /* Resources */,
			);
			buildRules = (
			);
			dependencies = (
				6BFA664E273BE2DA00E88AEB /* PBXTargetDependency */,
			);
			name = BasicARStoryboardTests;
			productName = BasicARStoryboardTests;
			productReference = 6BFA664C273BE2DA00E88AEB /* BasicARStoryboardTests.xctest */;
			productType = "com.apple.product-type.bundle.unit-test";
		};
		6BFA6655273BE2DB00E88AEB /* BasicARStoryboardUITests */ = {
			isa = PBXNativeTarget;
			buildConfigurationList = 6BFA6666273BE2DB00E88AEB /* Build configuration list for PBXNativeTarget "BasicARStoryboardUITests" */;
			buildPhases = (
				6BFA6652273BE2DB00E88AEB /* Sources */,
				6BFA6653273BE2DB00E88AEB /* Frameworks */,
				6BFA6654273BE2DB00E88AEB /* Resources */,
			);
			buildRules = (
			);
			dependencies = (
				6BFA6658273BE2DB00E88AEB /* PBXTargetDependency */,
			);
			name = BasicARStoryboardUITests;
			productName = BasicARStoryboardUITests;
			productReference = 6BFA6656273BE2DB00E88AEB /* BasicARStoryboardUITests.xctest */;
			productType = "com.apple.product-type.bundle.ui-testing";
		};
/* End PBXNativeTarget section */

/* Begin PBXProject section */
		6BFA662F273BE2D800E88AEB /* Project object */ = {
			isa = PBXProject;
			attributes = {
				BuildIndependentTargetsInParallel = 1;
				LastSwiftUpdateCheck = 1310;
				LastUpgradeCheck = 1310;
				TargetAttributes = {
					6BFA6636273BE2D800E88AEB = {
						CreatedOnToolsVersion = 13.1;
					};
					6BFA664B273BE2DA00E88AEB = {
						CreatedOnToolsVersion = 13.1;
						TestTargetID = 6BFA6636273BE2D800E88AEB;
					};
					6BFA6655273BE2DB00E88AEB = {
						CreatedOnToolsVersion = 13.1;
						TestTargetID = 6BFA6636273BE2D800E88AEB;
					};
				};
			};
			buildConfigurationList = 6BFA6632273BE2D800E88AEB /* Build configuration list for PBXProject "BasicARStoryboard" */;
			compatibilityVersion = "Xcode 13.0";
			developmentRegion = en;
			hasScannedForEncodings = 0;
			knownRegions = (
				en,
				Base,
			);
			mainGroup = 6BFA662E273BE2D800E88AEB;
			productRefGroup = 6BFA6638273BE2D800E88AEB /* Products */;
			projectDirPath = "";
			projectRoot = "";
			targets = (
				6BFA6636273BE2D800E88AEB /* BasicARStoryboard */,
				6BFA664B273BE2DA00E88AEB /* BasicARStoryboardTests */,
				6BFA6655273BE2DB00E88AEB /* BasicARStoryboardUITests */,
			);
		};
/* End PBXProject section */

/* Begin PBXResourcesBuildPhase section */
		6BFA6635273BE2D800E88AEB /* Resources */ = {
			isa = PBXResourcesBuildPhase;
			buildActionMask = 2147483647;
			files = (
				6BFA6647273BE2DA00E88AEB /* LaunchScreen.storyboard in Resources */,
				6BFA6644273BE2DA00E88AEB /* Assets.xcassets in Resources */,
				6BFA6642273BE2D800E88AEB /* Main.storyboard in Resources */,
			);
			runOnlyForDeploymentPostprocessing = 0;
		};
		6BFA664A273BE2DA00E88AEB /* Resources */ = {
			isa = PBXResourcesBuildPhase;
			buildActionMask = 2147483647;
			files = (
			);
			runOnlyForDeploymentPostprocessing = 0;
		};
		6BFA6654273BE2DB00E88AEB /* Resources */ = {
			isa = PBXResourcesBuildPhase;
			buildActionMask = 2147483647;
			files = (
			);
			runOnlyForDeploymentPostprocessing = 0;
		};
/* End PBXResourcesBuildPhase section */

/* Begin PBXSourcesBuildPhase section */
		6BFA6633273BE2D800E88AEB /* Sources */ = {
			isa = PBXSourcesBuildPhase;
			buildActionMask = 2147483647;
			files = (
				6BFA663D273BE2D800E88AEB /* ViewController.swift in Sources */,
				6BFA663B273BE2D800E88AEB /* AppDelegate.swift in Sources */,
				6BFA663F273BE2D800E88AEB /* Experience.rcproject in Sources */,
			);
			runOnlyForDeploymentPostprocessing = 0;
		};
		6BFA6648273BE2DA00E88AEB /* Sources */ = {
			isa = PBXSourcesBuildPhase;
			buildActionMask = 2147483647;
			files = (
				6BFA6651273BE2DA00E88AEB /* BasicARStoryboardTests.swift in Sources */,
			);
			runOnlyForDeploymentPostprocessing = 0;
		};
		6BFA6652273BE2DB00E88AEB /* Sources */ = {
			isa = PBXSourcesBuildPhase;
			buildActionMask = 2147483647;
			files = (
				6BFA665B273BE2DB00E88AEB /* BasicARStoryboardUITests.swift in Sources */,
				6BFA665D273BE2DB00E88AEB /* BasicARStoryboardUITestsLaunchTests.swift in Sources */,
			);
			runOnlyForDeploymentPostprocessing = 0;
		};
/* End PBXSourcesBuildPhase section */

/* Begin PBXTargetDependency section */
		6BFA664E273BE2DA00E88AEB /* PBXTargetDependency */ = {
			isa = PBXTargetDependency;
			target = 6BFA6636273BE2D800E88AEB /* BasicARStoryboard */;
			targetProxy = 6BFA664D273BE2DA00E88AEB /* PBXContainerItemProxy */;
		};
		6BFA6658273BE2DB00E88AEB /* PBXTargetDependency */ = {
			isa = PBXTargetDependency;
			target = 6BFA6636273BE2D800E88AEB /* BasicARStoryboard */;
			targetProxy = 6BFA6657273BE2DB00E88AEB /* PBXContainerItemProxy */;
		};
/* End PBXTargetDependency section */

/* Begin PBXVariantGroup section */
		6BFA6640273BE2D800E88AEB /* Main.storyboard */ = {
			isa = PBXVariantGroup;
			children = (
				6BFA6641273BE2D800E88AEB /* Base */,
			);
			name = Main.storyboard;
			sourceTree = "<group>";
		};
		6BFA6645273BE2DA00E88AEB /* LaunchScreen.storyboard */ = {
			isa = PBXVariantGroup;
			children = (
				6BFA6646273BE2DA00E88AEB /* Base */,
			);
			name = LaunchScreen.storyboard;
			sourceTree = "<group>";
		};
/* End PBXVariantGroup section */

/* Begin XCBuildConfiguration section */
		6BFA665E273BE2DB00E88AEB /* Debug */ = {
			isa = XCBuildConfiguration;
			buildSettings = {
				ALWAYS_SEARCH_USER_PATHS = NO;
				CLANG_ANALYZER_NONNULL = YES;
				CLANG_ANALYZER_NUMBER_OBJECT_CONVERSION = YES_AGGRESSIVE;
				CLANG_CXX_LANGUAGE_STANDARD = "gnu++17";
				CLANG_CXX_LIBRARY = "libc++";
				CLANG_ENABLE_MODULES = YES;
				CLANG_ENABLE_OBJC_ARC = YES;
				CLANG_ENABLE_OBJC_WEAK = YES;
				CLANG_WARN_BLOCK_CAPTURE_AUTORELEASING = YES;
				CLANG_WARN_BOOL_CONVERSION = YES;
				CLANG_WARN_COMMA = YES;
				CLANG_WARN_CONSTANT_CONVERSION = YES;
				CLANG_WARN_DEPRECATED_OBJC_IMPLEMENTATIONS = YES;
				CLANG_WARN_DIRECT_OBJC_ISA_USAGE = YES_ERROR;
				CLANG_WARN_DOCUMENTATION_COMMENTS = YES;
				CLANG_WARN_EMPTY_BODY = YES;
				CLANG_WARN_ENUM_CONVERSION = YES;
				CLANG_WARN_INFINITE_RECURSION = YES;
				CLANG_WARN_INT_CONVERSION = YES;
				CLANG_WARN_NON_LITERAL_NULL_CONVERSION = YES;
				CLANG_WARN_OBJC_IMPLICIT_RETAIN_SELF = YES;
				CLANG_WARN_OBJC_LITERAL_CONVERSION = YES;
				CLANG_WARN_OBJC_ROOT_CLASS = YES_ERROR;
				CLANG_WARN_QUOTED_INCLUDE_IN_FRAMEWORK_HEADER = YES;
				CLANG_WARN_RANGE_LOOP_ANALYSIS = YES;
				CLANG_WARN_STRICT_PROTOTYPES = YES;
				CLANG_WARN_SUSPICIOUS_MOVE = YES;
				CLANG_WARN_UNGUARDED_AVAILABILITY = YES_AGGRESSIVE;
				CLANG_WARN_UNREACHABLE_CODE = YES;
				CLANG_WARN__DUPLICATE_METHOD_MATCH = YES;
				COPY_PHASE_STRIP = NO;
				DEBUG_INFORMATION_FORMAT = dwarf;
				ENABLE_STRICT_OBJC_MSGSEND = YES;
				ENABLE_TESTABILITY = YES;
				GCC_C_LANGUAGE_STANDARD = gnu11;
				GCC_DYNAMIC_NO_PIC = NO;
				GCC_NO_COMMON_BLOCKS = YES;
				GCC_OPTIMIZATION_LEVEL = 0;
				GCC_PREPROCESSOR_DEFINITIONS = (
					"DEBUG=1",
					"$(inherited)",
				);
				GCC_WARN_64_TO_32_BIT_CONVERSION = YES;
				GCC_WARN_ABOUT_RETURN_TYPE = YES_ERROR;
				GCC_WARN_UNDECLARED_SELECTOR = YES;
				GCC_WARN_UNINITIALIZED_AUTOS = YES_AGGRESSIVE;
				GCC_WARN_UNUSED_FUNCTION = YES;
				GCC_WARN_UNUSED_VARIABLE = YES;
				IPHONEOS_DEPLOYMENT_TARGET = 15.0;
				MTL_ENABLE_DEBUG_INFO = INCLUDE_SOURCE;
				MTL_FAST_MATH = YES;
				ONLY_ACTIVE_ARCH = YES;
				SDKROOT = iphoneos;
				SWIFT_ACTIVE_COMPILATION_CONDITIONS = DEBUG;
				SWIFT_OPTIMIZATION_LEVEL = "-Onone";
			};
			name = Debug;
		};
		6BFA665F273BE2DB00E88AEB /* Release */ = {
			isa = XCBuildConfiguration;
			buildSettings = {
				ALWAYS_SEARCH_USER_PATHS = NO;
				CLANG_ANALYZER_NONNULL = YES;
				CLANG_ANALYZER_NUMBER_OBJECT_CONVERSION = YES_AGGRESSIVE;
				CLANG_CXX_LANGUAGE_STANDARD = "gnu++17";
				CLANG_CXX_LIBRARY = "libc++";
				CLANG_ENABLE_MODULES = YES;
				CLANG_ENABLE_OBJC_ARC = YES;
				CLANG_ENABLE_OBJC_WEAK = YES;
				CLANG_WARN_BLOCK_CAPTURE_AUTORELEASING = YES;
				CLANG_WARN_BOOL_CONVERSION = YES;
				CLANG_WARN_COMMA = YES;
				CLANG_WARN_CONSTANT_CONVERSION = YES;
				CLANG_WARN_DEPRECATED_OBJC_IMPLEMENTATIONS = YES;
				CLANG_WARN_DIRECT_OBJC_ISA_USAGE = YES_ERROR;
				CLANG_WARN_DOCUMENTATION_COMMENTS = YES;
				CLANG_WARN_EMPTY_BODY = YES;
				CLANG_WARN_ENUM_CONVERSION = YES;
				CLANG_WARN_INFINITE_RECURSION = YES;
				CLANG_WARN_INT_CONVERSION = YES;
				CLANG_WARN_NON_LITERAL_NULL_CONVERSION = YES;
				CLANG_WARN_OBJC_IMPLICIT_RETAIN_SELF = YES;
				CLANG_WARN_OBJC_LITERAL_CONVERSION = YES;
				CLANG_WARN_OBJC_ROOT_CLASS = YES_ERROR;
				CLANG_WARN_QUOTED_INCLUDE_IN_FRAMEWORK_HEADER = YES;
				CLANG_WARN_RANGE_LOOP_ANALYSIS = YES;
				CLANG_WARN_STRICT_PROTOTYPES = YES;
				CLANG_WARN_SUSPICIOUS_MOVE = YES;
				CLANG_WARN_UNGUARDED_AVAILABILITY = YES_AGGRESSIVE;
				CLANG_WARN_UNREACHABLE_CODE = YES;
				CLANG_WARN__DUPLICATE_METHOD_MATCH = YES;
				COPY_PHASE_STRIP = NO;
				DEBUG_INFORMATION_FORMAT = "dwarf-with-dsym";
				ENABLE_NS_ASSERTIONS = NO;
				ENABLE_STRICT_OBJC_MSGSEND = YES;
				GCC_C_LANGUAGE_STANDARD = gnu11;
				GCC_NO_COMMON_BLOCKS = YES;
				GCC_WARN_64_TO_32_BIT_CONVERSION = YES;
				GCC_WARN_ABOUT_RETURN_TYPE = YES_ERROR;
				GCC_WARN_UNDECLARED_SELECTOR = YES;
				GCC_WARN_UNINITIALIZED_AUTOS = YES_AGGRESSIVE;
				GCC_WARN_UNUSED_FUNCTION = YES;
				GCC_WARN_UNUSED_VARIABLE = YES;
				IPHONEOS_DEPLOYMENT_TARGET = 15.0;
				MTL_ENABLE_DEBUG_INFO = NO;
				MTL_FAST_MATH = YES;
				SDKROOT = iphoneos;
				SWIFT_COMPILATION_MODE = wholemodule;
				SWIFT_OPTIMIZATION_LEVEL = "-O";
				VALIDATE_PRODUCT = YES;
			};
			name = Release;
		};
		6BFA6661273BE2DB00E88AEB /* Debug */ = {
			isa = XCBuildConfiguration;
			buildSettings = {
				ASSETCATALOG_COMPILER_APPICON_NAME = AppIcon;
				ASSETCATALOG_COMPILER_GLOBAL_ACCENT_COLOR_NAME = AccentColor;
				CODE_SIGN_STYLE = Automatic;
				CURRENT_PROJECT_VERSION = 1;
				GENERATE_INFOPLIST_FILE = YES;
				INFOPLIST_KEY_NSCameraUsageDescription = "";
				INFOPLIST_KEY_UIApplicationSupportsIndirectInputEvents = YES;
				INFOPLIST_KEY_UILaunchStoryboardName = LaunchScreen;
				INFOPLIST_KEY_UIMainStoryboardFile = Main;
				INFOPLIST_KEY_UIRequiredDeviceCapabilities = arkit;
				INFOPLIST_KEY_UIStatusBarHidden = YES;
				INFOPLIST_KEY_UISupportedInterfaceOrientations_iPad = "UIInterfaceOrientationPortrait UIInterfaceOrientationPortraitUpsideDown UIInterfaceOrientationLandscapeLeft UIInterfaceOrientationLandscapeRight";
				INFOPLIST_KEY_UISupportedInterfaceOrientations_iPhone = "UIInterfaceOrientationPortrait UIInterfaceOrientationLandscapeLeft UIInterfaceOrientationLandscapeRight";
				LD_RUNPATH_SEARCH_PATHS = (
					"$(inherited)",
					"@executable_path/Frameworks",
				);
				MARKETING_VERSION = 1.0;
				PRODUCT_BUNDLE_IDENTIFIER = com.VR.BasicARStoryboard;
				PRODUCT_NAME = "$(TARGET_NAME)";
				SWIFT_EMIT_LOC_STRINGS = YES;
				SWIFT_VERSION = 5.0;
				TARGETED_DEVICE_FAMILY = "1,2";
			};
			name = Debug;
		};
		6BFA6662273BE2DB00E88AEB /* Release */ = {
			isa = XCBuildConfiguration;
			buildSettings = {
				ASSETCATALOG_COMPILER_APPICON_NAME = AppIcon;
				ASSETCATALOG_COMPILER_GLOBAL_ACCENT_COLOR_NAME = AccentColor;
				CODE_SIGN_STYLE = Automatic;
				CURRENT_PROJECT_VERSION = 1;
				GENERATE_INFOPLIST_FILE = YES;
				INFOPLIST_KEY_NSCameraUsageDescription = "";
				INFOPLIST_KEY_UIApplicationSupportsIndirectInputEvents = YES;
				INFOPLIST_KEY_UILaunchStoryboardName = LaunchScreen;
				INFOPLIST_KEY_UIMainStoryboardFile = Main;
				INFOPLIST_KEY_UIRequiredDeviceCapabilities = arkit;
				INFOPLIST_KEY_UIStatusBarHidden = YES;
				INFOPLIST_KEY_UISupportedInterfaceOrientations_iPad = "UIInterfaceOrientationPortrait UIInterfaceOrientationPortraitUpsideDown UIInterfaceOrientationLandscapeLeft UIInterfaceOrientationLandscapeRight";
				INFOPLIST_KEY_UISupportedInterfaceOrientations_iPhone = "UIInterfaceOrientationPortrait UIInterfaceOrientationLandscapeLeft UIInterfaceOrientationLandscapeRight";
				LD_RUNPATH_SEARCH_PATHS = (
					"$(inherited)",
					"@executable_path/Frameworks",
				);
				MARKETING_VERSION = 1.0;
				PRODUCT_BUNDLE_IDENTIFIER = com.VR.BasicARStoryboard;
				PRODUCT_NAME = "$(TARGET_NAME)";
				SWIFT_EMIT_LOC_STRINGS = YES;
				SWIFT_VERSION = 5.0;
				TARGETED_DEVICE_FAMILY = "1,2";
			};
			name = Release;
		};
		6BFA6664273BE2DB00E88AEB /* Debug */ = {
			isa = XCBuildConfiguration;
			buildSettings = {
				ALWAYS_EMBED_SWIFT_STANDARD_LIBRARIES = YES;
				BUNDLE_LOADER = "$(TEST_HOST)";
				CODE_SIGN_STYLE = Automatic;
				CURRENT_PROJECT_VERSION = 1;
				GENERATE_INFOPLIST_FILE = YES;
				IPHONEOS_DEPLOYMENT_TARGET = 15.0;
				LD_RUNPATH_SEARCH_PATHS = (
					"$(inherited)",
					"@executable_path/Frameworks",
					"@loader_path/Frameworks",
				);
				MARKETING_VERSION = 1.0;
				PRODUCT_BUNDLE_IDENTIFIER = com.VR.BasicARStoryboardTests;
				PRODUCT_NAME = "$(TARGET_NAME)";
				SWIFT_EMIT_LOC_STRINGS = NO;
				SWIFT_VERSION = 5.0;
				TARGETED_DEVICE_FAMILY = "1,2";
				TEST_HOST = "$(BUILT_PRODUCTS_DIR)/BasicARStoryboard.app/BasicARStoryboard";
			};
			name = Debug;
		};
		6BFA6665273BE2DB00E88AEB /* Release */ = {
			isa = XCBuildConfiguration;
			buildSettings = {
				ALWAYS_EMBED_SWIFT_STANDARD_LIBRARIES = YES;
				BUNDLE_LOADER = "$(TEST_HOST)";
				CODE_SIGN_STYLE = Automatic;
				CURRENT_PROJECT_VERSION = 1;
				GENERATE_INFOPLIST_FILE = YES;
				IPHONEOS_DEPLOYMENT_TARGET = 15.0;
				LD_RUNPATH_SEARCH_PATHS = (
					"$(inherited)",
					"@executable_path/Frameworks",
					"@loader_path/Frameworks",
				);
				MARKETING_VERSION = 1.0;
				PRODUCT_BUNDLE_IDENTIFIER = com.VR.BasicARStoryboardTests;
				PRODUCT_NAME = "$(TARGET_NAME)";
				SWIFT_EMIT_LOC_STRINGS = NO;
				SWIFT_VERSION = 5.0;
				TARGETED_DEVICE_FAMILY = "1,2";
				TEST_HOST = "$(BUILT_PRODUCTS_DIR)/BasicARStoryboard.app/BasicARStoryboard";
			};
			name = Release;
		};
		6BFA6667273BE2DB00E88AEB /* Debug */ = {
			isa = XCBuildConfiguration;
			buildSettings = {
				ALWAYS_EMBED_SWIFT_STANDARD_LIBRARIES = YES;
				CODE_SIGN_STYLE = Automatic;
				CURRENT_PROJECT_VERSION = 1;
				GENERATE_INFOPLIST_FILE = YES;
				LD_RUNPATH_SEARCH_PATHS = (
					"$(inherited)",
					"@executable_path/Frameworks",
					"@loader_path/Frameworks",
				);
				MARKETING_VERSION = 1.0;
				PRODUCT_BUNDLE_IDENTIFIER = com.VR.BasicARStoryboardUITests;
				PRODUCT_NAME = "$(TARGET_NAME)";
				SWIFT_EMIT_LOC_STRINGS = NO;
				SWIFT_VERSION = 5.0;
				TARGETED_DEVICE_FAMILY = "1,2";
				TEST_TARGET_NAME = BasicARStoryboard;
			};
			name = Debug;
		};
		6BFA6668273BE2DB00E88AEB /* Release */ = {
			isa = XCBuildConfiguration;
			buildSettings = {
				ALWAYS_EMBED_SWIFT_STANDARD_LIBRARIES = YES;
				CODE_SIGN_STYLE = Automatic;
				CURRENT_PROJECT_VERSION = 1;
				GENERATE_INFOPLIST_FILE = YES;
				LD_RUNPATH_SEARCH_PATHS = (
					"$(inherited)",
					"@executable_path/Frameworks",
					"@loader_path/Frameworks",
				);
				MARKETING_VERSION = 1.0;
				PRODUCT_BUNDLE_IDENTIFIER = com.VR.BasicARStoryboardUITests;
				PRODUCT_NAME = "$(TARGET_NAME)";
				SWIFT_EMIT_LOC_STRINGS = NO;
				SWIFT_VERSION = 5.0;
				TARGETED_DEVICE_FAMILY = "1,2";
				TEST_TARGET_NAME = BasicARStoryboard;
			};
			name = Release;
		};
/* End XCBuildConfiguration section */

/* Begin XCConfigurationList section */
		6BFA6632273BE2D800E88AEB /* Build configuration list for PBXProject "BasicARStoryboard" */ = {
			isa = XCConfigurationList;
			buildConfigurations = (
				6BFA665E273BE2DB00E88AEB /* Debug */,
				6BFA665F273BE2DB00E88AEB /* Release */,
			);
			defaultConfigurationIsVisible = 0;
			defaultConfigurationName = Release;
		};
		6BFA6660273BE2DB00E88AEB /* Build configuration list for PBXNativeTarget "BasicARStoryboard" */ = {
			isa = XCConfigurationList;
			buildConfigurations = (
				6BFA6661273BE2DB00E88AEB /* Debug */,
				6BFA6662273BE2DB00E88AEB /* Release */,
			);
			defaultConfigurationIsVisible = 0;
			defaultConfigurationName = Release;
		};
		6BFA6663273BE2DB00E88AEB /* Build configuration list for PBXNativeTarget "BasicARStoryboardTests" */ = {
			isa = XCConfigurationList;
			buildConfigurations = (
				6BFA6664273BE2DB00E88AEB /* Debug */,
				6BFA6665273BE2DB00E88AEB /* Release */,
			);
			defaultConfigurationIsVisible = 0;
			defaultConfigurationName = Release;
		};
		6BFA6666273BE2DB00E88AEB /* Build configuration list for PBXNativeTarget "BasicARStoryboardUITests" */ = {
			isa = XCConfigurationList;
			buildConfigurations = (
				6BFA6667273BE2DB00E88AEB /* Debug */,
				6BFA6668273BE2DB00E88AEB /* Release */,
			);
			defaultConfigurationIsVisible = 0;
			defaultConfigurationName = Release;
		};
/* End XCConfigurationList section */
	};
	rootObject = 6BFA662F273BE2D800E88AEB /* Project object */;
}
